{
  "requires": true,
  "lockfileVersion": 1,
  "dependencies": {
    "animate.css": {
      "version": "3.5.2",
      "resolved": "https://registry.npmjs.org/animate.css/-/animate.css-3.5.2.tgz",
      "integrity": "sha1-keZo3AaagI5eSZUUhnuXquAWbDY="
    },
    "axios": {
      "version": "0.7.0",
      "resolved": "https://registry.npmjs.org/axios/-/axios-0.7.0.tgz",
      "integrity": "sha1-SJwmkETVBm36LGTHScsTGxdvSno="
    },
    "materialize-css": {
      "version": "1.0.0-alpha.3",
      "resolved": "https://registry.npmjs.org/materialize-css/-/materialize-css-1.0.0-alpha.3.tgz",
      "integrity": "sha512-RxvILb5KFpbyNWHLnmHya5LsFjvSoQC9aIul6EpwETWKEnf9nHGlNcpdESUBKrEtduSJAI5og0CuDB7rv2XtFw=="
    },
    "youtube-api-search": {
      "version": "0.0.5",
      "resolved": "https://registry.npmjs.org/youtube-api-search/-/youtube-api-search-0.0.5.tgz",
      "integrity": "sha1-ndaG3nYv8lBKkCiMV/zlo3BkMAI=",
      "requires": {
        "axios": "0.7.0"
      }
    }
  }
}
